
Microsoft Visual Studio Solution File, Format Version 12.00
# Visual Studio Version 16
VisualStudioVersion = 16.0.29503.13
MinimumVisualStudioVersion = 10.0.40219.1
Project("{151D2E53-A2C4-4D7D-83FE-D05416EBD58E}") = "UbuntuDesktopGnomeARM", "UbuntuDesktopGnomeARM\UbuntuDesktopGnomeARM.deployproj", "{575118FB-224E-49F1-8083-6AFE027DFB10}"
EndProject
Global
	GlobalSection(SolutionConfigurationPlatforms) = preSolution
		Debug|Any CPU = Debug|Any CPU
		Release|Any CPU = Release|Any CPU
	EndGlobalSection
	GlobalSection(ProjectConfigurationPlatforms) = postSolution
		{575118FB-224E-49F1-8083-6AFE027DFB10}.Debug|Any CPU.ActiveCfg = Debug|Any CPU
		{575118FB-224E-49F1-8083-6AFE027DFB10}.Debug|Any CPU.Build.0 = Debug|Any CPU
		{575118FB-224E-49F1-8083-6AFE027DFB10}.Release|Any CPU.ActiveCfg = Release|Any CPU
		{575118FB-224E-49F1-8083-6AFE027DFB10}.Release|Any CPU.Build.0 = Release|Any CPU
	EndGlobalSection
	GlobalSection(SolutionProperties) = preSolution
		HideSolutionNode = FALSE
	EndGlobalSection
	GlobalSection(ExtensibilityGlobals) = postSolution
		SolutionGuid = {CF23CC39-BBE7-49C6-B122-C53D5546665B}
	EndGlobalSection
EndGlobal
